
Microsoft Visual Studio Solution File, Format Version 12.00
# Visual Studio Version 17
VisualStudioVersion = 17.5.33502.453
MinimumVisualStudioVersion = 10.0.40219.1
Project("{54A90642-561A-4BB1-A94E-469ADEE60C69}") = "vueapp", "vueapp\vueapp.esproj", "{7382D640-F42B-40C1-AD05-C4177C6E56F0}"
EndProject
Project("{9A19103F-16F7-4668-BE54-9A1E7A4F7556}") = "webapi", "webapi\webapi.csproj", "{D856ABAA-5E1A-443B-A734-0AD766165B8C}"
EndProject
Global
	GlobalSection(SolutionConfigurationPlatforms) = preSolution
		Debug|Any CPU = Debug|Any CPU
		Release|Any CPU = Release|Any CPU
	EndGlobalSection
	GlobalSection(ProjectConfigurationPlatforms) = postSolution
		{7382D640-F42B-40C1-AD05-C4177C6E56F0}.Debug|Any CPU.ActiveCfg = Debug|Any CPU
		{7382D640-F42B-40C1-AD05-C4177C6E56F0}.Debug|Any CPU.Build.0 = Debug|Any CPU
		{7382D640-F42B-40C1-AD05-C4177C6E56F0}.Debug|Any CPU.Deploy.0 = Debug|Any CPU
		{7382D640-F42B-40C1-AD05-C4177C6E56F0}.Release|Any CPU.ActiveCfg = Release|Any CPU
		{7382D640-F42B-40C1-AD05-C4177C6E56F0}.Release|Any CPU.Build.0 = Release|Any CPU
		{7382D640-F42B-40C1-AD05-C4177C6E56F0}.Release|Any CPU.Deploy.0 = Release|Any CPU
		{D856ABAA-5E1A-443B-A734-0AD766165B8C}.Debug|Any CPU.ActiveCfg = Debug|Any CPU
		{D856ABAA-5E1A-443B-A734-0AD766165B8C}.Debug|Any CPU.Build.0 = Debug|Any CPU
		{D856ABAA-5E1A-443B-A734-0AD766165B8C}.Release|Any CPU.ActiveCfg = Release|Any CPU
		{D856ABAA-5E1A-443B-A734-0AD766165B8C}.Release|Any CPU.Build.0 = Release|Any CPU
	EndGlobalSection
	GlobalSection(SolutionProperties) = preSolution
		HideSolutionNode = FALSE
	EndGlobalSection
	GlobalSection(ExtensibilityGlobals) = postSolution
		SolutionGuid = {04550BCE-9237-4E4B-831E-FB5A094DC4DF}
	EndGlobalSection
EndGlobal
